
Microsoft Visual Studio Solution File, Format Version 12.00
# Visual Studio 15
VisualStudioVersion = 15.0.27428.1
MinimumVisualStudioVersion = 10.0.40219.1
Project("{FAE04EC0-301F-11D3-BF4B-00C04F79EFBC}") = "Courses.AndroidBlankApp", "Courses.AndroidBlankApp\Courses.AndroidBlankApp.csproj", "{9D11CAD3-5C50-4D0A-B113-353A46B87250}"
EndProject
Project("{FAE04EC0-301F-11D3-BF4B-00C04F79EFBC}") = "Courses.iPhoneBlankApp", "Courses.iPhoneBlankApp\Courses.iPhoneBlankApp.csproj", "{CC90BE0D-C067-4AFB-9488-EE1FBE69F7EC}"
EndProject
Global
	GlobalSection(SolutionConfigurationPlatforms) = preSolution
		Debug|Any CPU = Debug|Any CPU
		Debug|iPhone = Debug|iPhone
		Debug|iPhoneSimulator = Debug|iPhoneSimulator
		Release|Any CPU = Release|Any CPU
		Release|iPhone = Release|iPhone
		Release|iPhoneSimulator = Release|iPhoneSimulator
	EndGlobalSection
	GlobalSection(ProjectConfigurationPlatforms) = postSolution
		{9D11CAD3-5C50-4D0A-B113-353A46B87250}.Debug|Any CPU.ActiveCfg = Debug|Any CPU
		{9D11CAD3-5C50-4D0A-B113-353A46B87250}.Debug|Any CPU.Build.0 = Debug|Any CPU
		{9D11CAD3-5C50-4D0A-B113-353A46B87250}.Debug|Any CPU.Deploy.0 = Debug|Any CPU
		{9D11CAD3-5C50-4D0A-B113-353A46B87250}.Debug|iPhone.ActiveCfg = Debug|Any CPU
		{9D11CAD3-5C50-4D0A-B113-353A46B87250}.Debug|iPhone.Build.0 = Debug|Any CPU
		{9D11CAD3-5C50-4D0A-B113-353A46B87250}.Debug|iPhone.Deploy.0 = Debug|Any CPU
		{9D11CAD3-5C50-4D0A-B113-353A46B87250}.Debug|iPhoneSimulator.ActiveCfg = Debug|Any CPU
		{9D11CAD3-5C50-4D0A-B113-353A46B87250}.Debug|iPhoneSimulator.Build.0 = Debug|Any CPU
		{9D11CAD3-5C50-4D0A-B113-353A46B87250}.Debug|iPhoneSimulator.Deploy.0 = Debug|Any CPU
		{9D11CAD3-5C50-4D0A-B113-353A46B87250}.Release|Any CPU.ActiveCfg = Release|Any CPU
		{9D11CAD3-5C50-4D0A-B113-353A46B87250}.Release|Any CPU.Build.0 = Release|Any CPU
		{9D11CAD3-5C50-4D0A-B113-353A46B87250}.Release|Any CPU.Deploy.0 = Release|Any CPU
		{9D11CAD3-5C50-4D0A-B113-353A46B87250}.Release|iPhone.ActiveCfg = Release|Any CPU
		{9D11CAD3-5C50-4D0A-B113-353A46B87250}.Release|iPhone.Build.0 = Release|Any CPU
		{9D11CAD3-5C50-4D0A-B113-353A46B87250}.Release|iPhone.Deploy.0 = Release|Any CPU
		{9D11CAD3-5C50-4D0A-B113-353A46B87250}.Release|iPhoneSimulator.ActiveCfg = Release|Any CPU
		{9D11CAD3-5C50-4D0A-B113-353A46B87250}.Release|iPhoneSimulator.Build.0 = Release|Any CPU
		{9D11CAD3-5C50-4D0A-B113-353A46B87250}.Release|iPhoneSimulator.Deploy.0 = Release|Any CPU
		{CC90BE0D-C067-4AFB-9488-EE1FBE69F7EC}.Debug|Any CPU.ActiveCfg = Debug|iPhone
		{CC90BE0D-C067-4AFB-9488-EE1FBE69F7EC}.Debug|iPhone.ActiveCfg = Debug|iPhone
		{CC90BE0D-C067-4AFB-9488-EE1FBE69F7EC}.Debug|iPhone.Build.0 = Debug|iPhone
		{CC90BE0D-C067-4AFB-9488-EE1FBE69F7EC}.Debug|iPhoneSimulator.ActiveCfg = Debug|iPhoneSimulator
		{CC90BE0D-C067-4AFB-9488-EE1FBE69F7EC}.Debug|iPhoneSimulator.Build.0 = Debug|iPhoneSimulator
		{CC90BE0D-C067-4AFB-9488-EE1FBE69F7EC}.Release|Any CPU.ActiveCfg = Release|iPhone
		{CC90BE0D-C067-4AFB-9488-EE1FBE69F7EC}.Release|iPhone.ActiveCfg = Release|iPhone
		{CC90BE0D-C067-4AFB-9488-EE1FBE69F7EC}.Release|iPhone.Build.0 = Release|iPhone
		{CC90BE0D-C067-4AFB-9488-EE1FBE69F7EC}.Release|iPhoneSimulator.ActiveCfg = Release|iPhoneSimulator
		{CC90BE0D-C067-4AFB-9488-EE1FBE69F7EC}.Release|iPhoneSimulator.Build.0 = Release|iPhoneSimulator
	EndGlobalSection
	GlobalSection(SolutionProperties) = preSolution
		HideSolutionNode = FALSE
	EndGlobalSection
	GlobalSection(ExtensibilityGlobals) = postSolution
		SolutionGuid = {DDFDEE18-6F19-4147-A76D-7C1AC1A47AFC}
	EndGlobalSection
EndGlobal
